{
  "name": "ghost-cloudflare",
  "lockfileVersion": 3,
  "requires": true,
  "packages": {
    "": {
      "dependencies": {
        "ghost-storage-base": "^1.0.0"
      }
    },
    "node_modules/ghost-storage-base": {
      "version": "1.0.0",
      "resolved": "https://registry.npmjs.org/ghost-storage-base/-/ghost-storage-base-1.0.0.tgz",
      "integrity": "sha512-qIW6pny/wWKjrbRmXVNis9i7856AMR5/NZmnLTrKbA0KIEnA9K/fhkj7ISnSyTYfBv17sFsC23eJfvj6dDgZrQ==",
      "license": "MIT",
      "dependencies": {
        "moment": "2.27.0"
      }
    },
    "node_modules/moment": {
      "version": "2.27.0",
      "resolved": "https://registry.npmjs.org/moment/-/moment-2.27.0.tgz",
      "integrity": "sha512-al0MUK7cpIcglMv3YF13qSgdAIqxHTO7brRtaz3DlSULbqfazqkc5kEjNrLDOM7fsjshoFIihnU8snrP7zUvhQ==",
      "license": "MIT",
      "engines": {
        "node": "*"
      }
    }
  }
}
